
Microsoft Visual Studio Solution File, Format Version 12.00
# Visual Studio Version 16
VisualStudioVersion = 16.0.30128.74
MinimumVisualStudioVersion = 10.0.40219.1
Project("{FAE04EC0-301F-11D3-BF4B-00C04F79EFBC}") = "DogGo", "DogGo\DogGo.csproj", "{F974DC19-178B-4D6D-96A1-04789E5F2825}"
EndProject
Global
	GlobalSection(SolutionConfigurationPlatforms) = preSolution
		Debug|Any CPU = Debug|Any CPU
		Release|Any CPU = Release|Any CPU
	EndGlobalSection
	GlobalSection(ProjectConfigurationPlatforms) = postSolution
		{F974DC19-178B-4D6D-96A1-04789E5F2825}.Debug|Any CPU.ActiveCfg = Debug|Any CPU
		{F974DC19-178B-4D6D-96A1-04789E5F2825}.Debug|Any CPU.Build.0 = Debug|Any CPU
		{F974DC19-178B-4D6D-96A1-04789E5F2825}.Release|Any CPU.ActiveCfg = Release|Any CPU
		{F974DC19-178B-4D6D-96A1-04789E5F2825}.Release|Any CPU.Build.0 = Release|Any CPU
	EndGlobalSection
	GlobalSection(SolutionProperties) = preSolution
		HideSolutionNode = FALSE
	EndGlobalSection
	GlobalSection(ExtensibilityGlobals) = postSolution
		SolutionGuid = {AC14069E-3C4C-4B1F-8888-A891D9211744}
	EndGlobalSection
EndGlobal
